
Microsoft Visual Studio Solution File, Format Version 12.00
# Visual Studio Version 17
VisualStudioVersion = 17.9.34607.119
MinimumVisualStudioVersion = 10.0.40219.1
Project("{FAE04EC0-301F-11D3-BF4B-00C04F79EFBC}") = "project-dbsys32", "project-dbsys32.csproj", "{4F1581DA-B16B-4375-A9B4-7B33E8EF5E16}"
EndProject
Global
	GlobalSection(SolutionConfigurationPlatforms) = preSolution
		Debug|Any CPU = Debug|Any CPU
		Release|Any CPU = Release|Any CPU
	EndGlobalSection
	GlobalSection(ProjectConfigurationPlatforms) = postSolution
		{4F1581DA-B16B-4375-A9B4-7B33E8EF5E16}.Debug|Any CPU.ActiveCfg = Debug|Any CPU
		{4F1581DA-B16B-4375-A9B4-7B33E8EF5E16}.Debug|Any CPU.Build.0 = Debug|Any CPU
		{4F1581DA-B16B-4375-A9B4-7B33E8EF5E16}.Release|Any CPU.ActiveCfg = Release|Any CPU
		{4F1581DA-B16B-4375-A9B4-7B33E8EF5E16}.Release|Any CPU.Build.0 = Release|Any CPU
	EndGlobalSection
	GlobalSection(SolutionProperties) = preSolution
		HideSolutionNode = FALSE
	EndGlobalSection
	GlobalSection(ExtensibilityGlobals) = postSolution
		SolutionGuid = {1CD699AE-E5AE-4CC3-895D-226E76BF33B5}
	EndGlobalSection
EndGlobal
